
Microsoft Visual Studio Solution File, Format Version 12.00
# Visual Studio 15
VisualStudioVersion = 15.0.26124.0
MinimumVisualStudioVersion = 15.0.26124.0
Project("{2150E333-8FDC-42A3-9474-1A3956D46DE8}") = "src", "src", "{114B3839-6996-432E-BE94-D896A947D710}"
EndProject
Project("{FAE04EC0-301F-11D3-BF4B-00C04F79EFBC}") = "ZMSProto", "src\ZMSProto\ZMSProto.csproj", "{B4022984-F828-4EF3-A207-4E10E773BBBF}"
EndProject
Project("{2150E333-8FDC-42A3-9474-1A3956D46DE8}") = "test", "test", "{7AAEF6AC-81A4-4CB8-9108-D57F8AAED9A1}"
EndProject
Project("{FAE04EC0-301F-11D3-BF4B-00C04F79EFBC}") = "ZMSProto.Tests", "test\ZMSProto.Tests\ZMSProto.Tests.csproj", "{DF9E9D10-C0F3-43B4-91AA-5265757B45BA}"
EndProject
Global
	GlobalSection(SolutionConfigurationPlatforms) = preSolution
		Debug|Any CPU = Debug|Any CPU
		Debug|x64 = Debug|x64
		Debug|x86 = Debug|x86
		Release|Any CPU = Release|Any CPU
		Release|x64 = Release|x64
		Release|x86 = Release|x86
	EndGlobalSection
	GlobalSection(SolutionProperties) = preSolution
		HideSolutionNode = FALSE
	EndGlobalSection
	GlobalSection(ProjectConfigurationPlatforms) = postSolution
		{B4022984-F828-4EF3-A207-4E10E773BBBF}.Debug|Any CPU.ActiveCfg = Debug|Any CPU
		{B4022984-F828-4EF3-A207-4E10E773BBBF}.Debug|Any CPU.Build.0 = Debug|Any CPU
		{B4022984-F828-4EF3-A207-4E10E773BBBF}.Debug|x64.ActiveCfg = Debug|Any CPU
		{B4022984-F828-4EF3-A207-4E10E773BBBF}.Debug|x64.Build.0 = Debug|Any CPU
		{B4022984-F828-4EF3-A207-4E10E773BBBF}.Debug|x86.ActiveCfg = Debug|Any CPU
		{B4022984-F828-4EF3-A207-4E10E773BBBF}.Debug|x86.Build.0 = Debug|Any CPU
		{B4022984-F828-4EF3-A207-4E10E773BBBF}.Release|Any CPU.ActiveCfg = Release|Any CPU
		{B4022984-F828-4EF3-A207-4E10E773BBBF}.Release|Any CPU.Build.0 = Release|Any CPU
		{B4022984-F828-4EF3-A207-4E10E773BBBF}.Release|x64.ActiveCfg = Release|Any CPU
		{B4022984-F828-4EF3-A207-4E10E773BBBF}.Release|x64.Build.0 = Release|Any CPU
		{B4022984-F828-4EF3-A207-4E10E773BBBF}.Release|x86.ActiveCfg = Release|Any CPU
		{B4022984-F828-4EF3-A207-4E10E773BBBF}.Release|x86.Build.0 = Release|Any CPU
		{DF9E9D10-C0F3-43B4-91AA-5265757B45BA}.Debug|Any CPU.ActiveCfg = Debug|Any CPU
		{DF9E9D10-C0F3-43B4-91AA-5265757B45BA}.Debug|Any CPU.Build.0 = Debug|Any CPU
		{DF9E9D10-C0F3-43B4-91AA-5265757B45BA}.Debug|x64.ActiveCfg = Debug|Any CPU
		{DF9E9D10-C0F3-43B4-91AA-5265757B45BA}.Debug|x64.Build.0 = Debug|Any CPU
		{DF9E9D10-C0F3-43B4-91AA-5265757B45BA}.Debug|x86.ActiveCfg = Debug|Any CPU
		{DF9E9D10-C0F3-43B4-91AA-5265757B45BA}.Debug|x86.Build.0 = Debug|Any CPU
		{DF9E9D10-C0F3-43B4-91AA-5265757B45BA}.Release|Any CPU.ActiveCfg = Release|Any CPU
		{DF9E9D10-C0F3-43B4-91AA-5265757B45BA}.Release|Any CPU.Build.0 = Release|Any CPU
		{DF9E9D10-C0F3-43B4-91AA-5265757B45BA}.Release|x64.ActiveCfg = Release|Any CPU
		{DF9E9D10-C0F3-43B4-91AA-5265757B45BA}.Release|x64.Build.0 = Release|Any CPU
		{DF9E9D10-C0F3-43B4-91AA-5265757B45BA}.Release|x86.ActiveCfg = Release|Any CPU
		{DF9E9D10-C0F3-43B4-91AA-5265757B45BA}.Release|x86.Build.0 = Release|Any CPU
	EndGlobalSection
	GlobalSection(NestedProjects) = preSolution
		{B4022984-F828-4EF3-A207-4E10E773BBBF} = {114B3839-6996-432E-BE94-D896A947D710}
		{DF9E9D10-C0F3-43B4-91AA-5265757B45BA} = {7AAEF6AC-81A4-4CB8-9108-D57F8AAED9A1}
	EndGlobalSection
EndGlobal
